
Microsoft Visual Studio Solution File, Format Version 12.00
# Visual Studio Version 17
VisualStudioVersion = 17.7.34024.191
MinimumVisualStudioVersion = 10.0.40219.1
Project("{FAE04EC0-301F-11D3-BF4B-00C04F79EFBC}") = "04_LoopsAndConditions", "04_LoopsAndConditions\04_LoopsAndConditions.csproj", "{20B84EB7-F7AA-457D-8882-2E973970DB82}"
EndProject
Global
	GlobalSection(SolutionConfigurationPlatforms) = preSolution
		Debug|Any CPU = Debug|Any CPU
		Release|Any CPU = Release|Any CPU
	EndGlobalSection
	GlobalSection(ProjectConfigurationPlatforms) = postSolution
		{20B84EB7-F7AA-457D-8882-2E973970DB82}.Debug|Any CPU.ActiveCfg = Debug|Any CPU
		{20B84EB7-F7AA-457D-8882-2E973970DB82}.Debug|Any CPU.Build.0 = Debug|Any CPU
		{20B84EB7-F7AA-457D-8882-2E973970DB82}.Release|Any CPU.ActiveCfg = Release|Any CPU
		{20B84EB7-F7AA-457D-8882-2E973970DB82}.Release|Any CPU.Build.0 = Release|Any CPU
	EndGlobalSection
	GlobalSection(SolutionProperties) = preSolution
		HideSolutionNode = FALSE
	EndGlobalSection
	GlobalSection(ExtensibilityGlobals) = postSolution
		SolutionGuid = {01FDB592-A9E1-4038-B076-7B4A37431994}
	EndGlobalSection
EndGlobal
