
Microsoft Visual Studio Solution File, Format Version 12.00
# Visual Studio Version 17
VisualStudioVersion = 17.7.34024.191
MinimumVisualStudioVersion = 10.0.40219.1
Project("{FAE04EC0-301F-11D3-BF4B-00C04F79EFBC}") = "02_NamingConventions", "02_NamingConventions\02_NamingConventions.csproj", "{0BB07380-E152-48B4-B9BF-38830E1828C5}"
EndProject
Project("{FAE04EC0-301F-11D3-BF4B-00C04F79EFBC}") = "03_LoopsAndConditions", "03_LoopsAndConditions\03_LoopsAndConditions.csproj", "{1EBA4F72-4A88-4812-BD4E-046526C11B3A}"
EndProject
Global
	GlobalSection(SolutionConfigurationPlatforms) = preSolution
		Debug|Any CPU = Debug|Any CPU
		Release|Any CPU = Release|Any CPU
	EndGlobalSection
	GlobalSection(ProjectConfigurationPlatforms) = postSolution
		{0BB07380-E152-48B4-B9BF-38830E1828C5}.Debug|Any CPU.ActiveCfg = Debug|Any CPU
		{0BB07380-E152-48B4-B9BF-38830E1828C5}.Debug|Any CPU.Build.0 = Debug|Any CPU
		{0BB07380-E152-48B4-B9BF-38830E1828C5}.Release|Any CPU.ActiveCfg = Release|Any CPU
		{0BB07380-E152-48B4-B9BF-38830E1828C5}.Release|Any CPU.Build.0 = Release|Any CPU
		{1EBA4F72-4A88-4812-BD4E-046526C11B3A}.Debug|Any CPU.ActiveCfg = Debug|Any CPU
		{1EBA4F72-4A88-4812-BD4E-046526C11B3A}.Debug|Any CPU.Build.0 = Debug|Any CPU
		{1EBA4F72-4A88-4812-BD4E-046526C11B3A}.Release|Any CPU.ActiveCfg = Release|Any CPU
		{1EBA4F72-4A88-4812-BD4E-046526C11B3A}.Release|Any CPU.Build.0 = Release|Any CPU
	EndGlobalSection
	GlobalSection(SolutionProperties) = preSolution
		HideSolutionNode = FALSE
	EndGlobalSection
	GlobalSection(ExtensibilityGlobals) = postSolution
		SolutionGuid = {207BDA02-E08F-4DF6-84F1-E25BEE467CDA}
	EndGlobalSection
EndGlobal
